
Microsoft Visual Studio Solution File, Format Version 12.00
# Visual Studio Version 16
VisualStudioVersion = 16.0.30330.147
MinimumVisualStudioVersion = 10.0.40219.1
Project("{9A19103F-16F7-4668-BE54-9A1E7A4F7556}") = "DigimotesExample", "DigimotesExample\DigimotesExample.csproj", "{3C746971-9E45-4CDC-9B4D-84E75AF1769B}"
EndProject
Project("{FAE04EC0-301F-11D3-BF4B-00C04F79EFBC}") = "TVRemoteLibrary", "TVRemoteLibrary\TVRemoteLibrary.csproj", "{70E6748D-E2A9-48FC-BE18-AC547C5CB9B3}"
EndProject
Global
	GlobalSection(SolutionConfigurationPlatforms) = preSolution
		Debug|Any CPU = Debug|Any CPU
		Release|Any CPU = Release|Any CPU
	EndGlobalSection
	GlobalSection(ProjectConfigurationPlatforms) = postSolution
		{3C746971-9E45-4CDC-9B4D-84E75AF1769B}.Debug|Any CPU.ActiveCfg = Debug|Any CPU
		{3C746971-9E45-4CDC-9B4D-84E75AF1769B}.Debug|Any CPU.Build.0 = Debug|Any CPU
		{3C746971-9E45-4CDC-9B4D-84E75AF1769B}.Release|Any CPU.ActiveCfg = Release|Any CPU
		{3C746971-9E45-4CDC-9B4D-84E75AF1769B}.Release|Any CPU.Build.0 = Release|Any CPU
		{70E6748D-E2A9-48FC-BE18-AC547C5CB9B3}.Debug|Any CPU.ActiveCfg = Debug|Any CPU
		{70E6748D-E2A9-48FC-BE18-AC547C5CB9B3}.Debug|Any CPU.Build.0 = Debug|Any CPU
		{70E6748D-E2A9-48FC-BE18-AC547C5CB9B3}.Release|Any CPU.ActiveCfg = Release|Any CPU
		{70E6748D-E2A9-48FC-BE18-AC547C5CB9B3}.Release|Any CPU.Build.0 = Release|Any CPU
	EndGlobalSection
	GlobalSection(SolutionProperties) = preSolution
		HideSolutionNode = FALSE
	EndGlobalSection
	GlobalSection(ExtensibilityGlobals) = postSolution
		SolutionGuid = {44A773E9-0574-4402-A21B-E50F9EE60E8C}
	EndGlobalSection
EndGlobal
